# This file is @generated by PDM.
# It is not intended for manual editing.

[metadata]
groups = ["default", "cli", "dev"]
strategy = ["inherit_metadata"]
lock_version = "4.5.0"
content_hash = "sha256:2ba6422126fc7252881f13222d34ba66e91eca34016e0090ec0ee5fcf03bee6f"

[[metadata.targets]]
requires_python = ">=3.12"

[[package]]
name = "cffi"
version = "1.17.1"
requires_python = ">=3.8"
summary = "Foreign Function Interface for Python calling C code."
groups = ["default"]
marker = "platform_python_implementation != \"PyPy\""
dependencies = [
    "pycparser",
]
files = [
    {file = "cffi-1.17.1-cp312-cp312-macosx_10_9_x86_64.whl", hash = "sha256:805b4371bf7197c329fcb3ead37e710d1bca9da5d583f5073b799d5c5bd1eee4"},
    {file = "cffi-1.17.1-cp312-cp312-macosx_11_0_arm64.whl", hash = "sha256:733e99bc2df47476e3848417c5a4540522f234dfd4ef3ab7fafdf555b082ec0c"},
    {file = "cffi-1.17.1-cp312-cp312-manylinux_2_12_i686.manylinux2010_i686.manylinux_2_17_i686.manylinux2014_i686.whl", hash = "sha256:1257bdabf294dceb59f5e70c64a3e2f462c30c7ad68092d01bbbfb1c16b1ba36"},
    {file = "cffi-1.17.1-cp312-cp312-manylinux_2_17_aarch64.manylinux2014_aarch64.whl", hash = "sha256:da95af8214998d77a98cc14e3a3bd00aa191526343078b530ceb0bd710fb48a5"},
    {file = "cffi-1.17.1-cp312-cp312-manylinux_2_17_ppc64le.manylinux2014_ppc64le.whl", hash = "sha256:d63afe322132c194cf832bfec0dc69a99fb9bb6bbd550f161a49e9e855cc78ff"},
    {file = "cffi-1.17.1-cp312-cp312-manylinux_2_17_s390x.manylinux2014_s390x.whl", hash = "sha256:f79fc4fc25f1c8698ff97788206bb3c2598949bfe0fef03d299eb1b5356ada99"},
    {file = "cffi-1.17.1-cp312-cp312-manylinux_2_17_x86_64.manylinux2014_x86_64.whl", hash = "sha256:b62ce867176a75d03a665bad002af8e6d54644fad99a3c70905c543130e39d93"},
    {file = "cffi-1.17.1-cp312-cp312-musllinux_1_1_aarch64.whl", hash = "sha256:386c8bf53c502fff58903061338ce4f4950cbdcb23e2902d86c0f722b786bbe3"},
    {file = "cffi-1.17.1-cp312-cp312-musllinux_1_1_x86_64.whl", hash = "sha256:4ceb10419a9adf4460ea14cfd6bc43d08701f0835e979bf821052f1805850fe8"},
    {file = "cffi-1.17.1-cp312-cp312-win32.whl", hash = "sha256:a08d7e755f8ed21095a310a693525137cfe756ce62d066e53f502a83dc550f65"},
    {file = "cffi-1.17.1-cp312-cp312-win_amd64.whl", hash = "sha256:51392eae71afec0d0c8fb1a53b204dbb3bcabcb3c9b807eedf3e1e6ccf2de903"},
    {file = "cffi-1.17.1-cp313-cp313-macosx_10_13_x86_64.whl", hash = "sha256:f3a2b4222ce6b60e2e8b337bb9596923045681d71e5a082783484d845390938e"},
    {file = "cffi-1.17.1-cp313-cp313-macosx_11_0_arm64.whl", hash = "sha256:0984a4925a435b1da406122d4d7968dd861c1385afe3b45ba82b750f229811e2"},
    {file = "cffi-1.17.1-cp313-cp313-manylinux_2_12_i686.manylinux2010_i686.manylinux_2_17_i686.manylinux2014_i686.whl", hash = "sha256:d01b12eeeb4427d3110de311e1774046ad344f5b1a7403101878976ecd7a10f3"},
    {file = "cffi-1.17.1-cp313-cp313-manylinux_2_17_aarch64.manylinux2014_aarch64.whl", hash = "sha256:706510fe141c86a69c8ddc029c7910003a17353970cff3b904ff0686a5927683"},
    {file = "cffi-1.17.1-cp313-cp313-manylinux_2_17_ppc64le.manylinux2014_ppc64le.whl", hash = "sha256:de55b766c7aa2e2a3092c51e0483d700341182f08e67c63630d5b6f200bb28e5"},
    {file = "cffi-1.17.1-cp313-cp313-manylinux_2_17_s390x.manylinux2014_s390x.whl", hash = "sha256:c59d6e989d07460165cc5ad3c61f9fd8f1b4796eacbd81cee78957842b834af4"},
    {file = "cffi-1.17.1-cp313-cp313-manylinux_2_17_x86_64.manylinux2014_x86_64.whl", hash = "sha256:dd398dbc6773384a17fe0d3e7eeb8d1a21c2200473ee6806bb5e6a8e62bb73dd"},
    {file = "cffi-1.17.1-cp313-cp313-musllinux_1_1_aarch64.whl", hash = "sha256:3edc8d958eb099c634dace3c7e16560ae474aa3803a5df240542b305d14e14ed"},
    {file = "cffi-1.17.1-cp313-cp313-musllinux_1_1_x86_64.whl", hash = "sha256:72e72408cad3d5419375fc87d289076ee319835bdfa2caad331e377589aebba9"},
    {file = "cffi-1.17.1-cp313-cp313-win32.whl", hash = "sha256:e03eab0a8677fa80d646b5ddece1cbeaf556c313dcfac435ba11f107ba117b5d"},
    {file = "cffi-1.17.1-cp313-cp313-win_amd64.whl", hash = "sha256:f6a16c31041f09ead72d69f583767292f750d24913dadacf5756b966aacb3f1a"},
    {file = "cffi-1.17.1.tar.gz", hash = "sha256:1c39c6016c32bc48dd54561950ebd6836e1670f2ae46128f67cf49e789c52824"},
]

[[package]]
name = "click"
version = "8.1.8"
requires_python = ">=3.7"
summary = "Composable command line interface toolkit"
groups = ["cli"]
dependencies = [
    "colorama; platform_system == \"Windows\"",
    "importlib-metadata; python_version < \"3.8\"",
]
files = [
    {file = "click-8.1.8-py3-none-any.whl", hash = "sha256:63c132bbbed01578a06712a2d1f497bb62d9c1c0d329b7903a866228027263b2"},
    {file = "click-8.1.8.tar.gz", hash = "sha256:ed53c9d8990d83c2a27deae68e4ee337473f6330c040a31d4225c9574d16096a"},
]

[[package]]
name = "colorama"
version = "0.4.6"
requires_python = "!=3.0.*,!=3.1.*,!=3.2.*,!=3.3.*,!=3.4.*,!=3.5.*,!=3.6.*,>=2.7"
summary = "Cross-platform colored terminal text."
groups = ["cli", "dev"]
marker = "sys_platform == \"win32\" or platform_system == \"Windows\""
files = [
    {file = "colorama-0.4.6-py2.py3-none-any.whl", hash = "sha256:4f1d9991f5acc0ca119f9d443620b77f9d6b33703e51011c16baf57afb285fc6"},
    {file = "colorama-0.4.6.tar.gz", hash = "sha256:08695f5cb7ed6e0531a20572697297273c47b8cae5a63ffc6d6ed5c201be6e44"},
]

[[package]]
name = "coverage"
version = "7.8.1"
requires_python = ">=3.9"
summary = "Code coverage measurement for Python"
groups = ["dev"]
files = [
    {file = "coverage-7.8.1-cp312-cp312-macosx_10_13_x86_64.whl", hash = "sha256:2d8f844e837374a9497e11722d9eb9dfeb33b1b5d31136786c39a4c1a3073c6d"},
    {file = "coverage-7.8.1-cp312-cp312-macosx_11_0_arm64.whl", hash = "sha256:9cd54a762667c32112df5d6f059c5d61fa532ee06460948cc5bcbf60c502f5c9"},
    {file = "coverage-7.8.1-cp312-cp312-manylinux_2_17_aarch64.manylinux2014_aarch64.whl", hash = "sha256:958b513e23286178b513a6b4d975fe9e7cddbcea6e5ebe8d836e4ef067577154"},
    {file = "coverage-7.8.1-cp312-cp312-manylinux_2_5_i686.manylinux1_i686.manylinux_2_17_i686.manylinux2014_i686.whl", hash = "sha256:9b31756ea647b6ef53190f6b708ad0c4c2ea879bc17799ba5b0699eee59ecf7b"},
    {file = "coverage-7.8.1-cp312-cp312-manylinux_2_5_x86_64.manylinux1_x86_64.manylinux_2_17_x86_64.manylinux2014_x86_64.whl", hash = "sha256:ccad4e29ac1b6f75bfeedb2cac4860fe5bd9e0a2f04c3e3218f661fa389ab101"},
    {file = "coverage-7.8.1-cp312-cp312-musllinux_1_2_aarch64.whl", hash = "sha256:452f3831c64f5f50260e18a89e613594590d6ceac5206a9b7d76ba43586b01b3"},
    {file = "coverage-7.8.1-cp312-cp312-musllinux_1_2_i686.whl", hash = "sha256:9296df6a33b8539cd753765eb5b47308602263a14b124a099cbcf5f770d7cf90"},
    {file = "coverage-7.8.1-cp312-cp312-musllinux_1_2_x86_64.whl", hash = "sha256:d52d79dfd3b410b153b6d65b0e3afe834eca2b969377f55ad73c67156d35af0d"},
    {file = "coverage-7.8.1-cp312-cp312-win32.whl", hash = "sha256:ebdf212e1ed85af63fa1a76d556c0a3c7b34348ffba6e145a64b15f003ad0a2b"},
    {file = "coverage-7.8.1-cp312-cp312-win_amd64.whl", hash = "sha256:c04a7903644ccea8fa07c3e76db43ca31c8d453f93c5c94c0f9b82efca225543"},
    {file = "coverage-7.8.1-cp313-cp313-macosx_10_13_x86_64.whl", hash = "sha256:dd5c305faa2e69334a53061b3168987847dadc2449bab95735242a9bde92fde8"},
    {file = "coverage-7.8.1-cp313-cp313-macosx_11_0_arm64.whl", hash = "sha256:af6b8cdf0857fd4e6460dd6639c37c3f82163127f6112c1942b5e6a52a477676"},
    {file = "coverage-7.8.1-cp313-cp313-manylinux_2_17_aarch64.manylinux2014_aarch64.whl", hash = "sha256:e233a56bbf99e4cb134c4f8e63b16c77714e3987daf2c5aa10c3ba8c4232d730"},
    {file = "coverage-7.8.1-cp313-cp313-manylinux_2_5_i686.manylinux1_i686.manylinux_2_17_i686.manylinux2014_i686.whl", hash = "sha256:9dabc70012fd7b58a8040a7bc1b5f71fd0e62e2138aefdd8367d3d24bf82c349"},
    {file = "coverage-7.8.1-cp313-cp313-manylinux_2_5_x86_64.manylinux1_x86_64.manylinux_2_17_x86_64.manylinux2014_x86_64.whl", hash = "sha256:e1f8e96455907496b3e4ea16f63bb578da31e17d2805278b193525e7714f17f2"},
    {file = "coverage-7.8.1-cp313-cp313-musllinux_1_2_aarch64.whl", hash = "sha256:0034ceec8e91fdaf77350901cc48f47efd00f23c220a3f9fc1187774ddf307cb"},
    {file = "coverage-7.8.1-cp313-cp313-musllinux_1_2_i686.whl", hash = "sha256:82db9344a07dd9106796b9fe8805425633146a7ea7fed5ed07c65a64d0bb79e1"},
    {file = "coverage-7.8.1-cp313-cp313-musllinux_1_2_x86_64.whl", hash = "sha256:9772c9e266b2ca4999180c12b90c8efb4c5c9ad3e55f301d78bc579af6467ad9"},
    {file = "coverage-7.8.1-cp313-cp313-win32.whl", hash = "sha256:6f24a1e2c373a77afae21bc512466a91e31251685c271c5309ee3e557f6e3e03"},
    {file = "coverage-7.8.1-cp313-cp313-win_amd64.whl", hash = "sha256:76a4e1d62505a21971968be61ae17cbdc5e0c483265a37f7ddbbc050f9c0b8ec"},
    {file = "coverage-7.8.1-cp313-cp313t-macosx_10_13_x86_64.whl", hash = "sha256:35dd5d405a1d378c39f3f30f628a25b0b99f1b8e5bdd78275df2e7b0404892d7"},
    {file = "coverage-7.8.1-cp313-cp313t-macosx_11_0_arm64.whl", hash = "sha256:87b86a87f8de2e1bd0bcd45faf1b1edf54f988c8857157300e0336efcfb8ede6"},
    {file = "coverage-7.8.1-cp313-cp313t-manylinux_2_17_aarch64.manylinux2014_aarch64.whl", hash = "sha256:ce4553a573edb363d5db12be1c044826878bec039159d6d4eafe826ef773396d"},
    {file = "coverage-7.8.1-cp313-cp313t-manylinux_2_5_i686.manylinux1_i686.manylinux_2_17_i686.manylinux2014_i686.whl", hash = "sha256:db181a1896e0bad75b3bf4916c49fd3cf6751f9cc203fe0e0ecbee1fc43590fa"},
    {file = "coverage-7.8.1-cp313-cp313t-manylinux_2_5_x86_64.manylinux1_x86_64.manylinux_2_17_x86_64.manylinux2014_x86_64.whl", hash = "sha256:6ce2606a171f9cf7c15a77ca61f979ffc0e0d92cd2fb18767cead58c1d19f58e"},
    {file = "coverage-7.8.1-cp313-cp313t-musllinux_1_2_aarch64.whl", hash = "sha256:4fc4f7cff2495d6d112353c33a439230a6de0b7cd0c2578f1e8d75326f63d783"},
    {file = "coverage-7.8.1-cp313-cp313t-musllinux_1_2_i686.whl", hash = "sha256:ff619c58322d9d6df0a859dc76c3532d7bdbc125cb040f7cd642141446b4f654"},
    {file = "coverage-7.8.1-cp313-cp313t-musllinux_1_2_x86_64.whl", hash = "sha256:c0d6290a466a6f3fadf6add2dd4ec11deba4e1a6e3db2dd284edd497aadf802f"},
    {file = "coverage-7.8.1-cp313-cp313t-win32.whl", hash = "sha256:e4e893c7f7fb12271a667d5c1876710fae06d7580343afdb5f3fc4488b73209e"},
    {file = "coverage-7.8.1-cp313-cp313t-win_amd64.whl", hash = "sha256:41d142eefbc0bb3be160a77b2c0fbec76f345387676265052e224eb6c67b7af3"},
    {file = "coverage-7.8.1-py3-none-any.whl", hash = "sha256:e54b80885b0e61d346accc5709daf8762471a452345521cc9281604a907162c2"},
    {file = "coverage-7.8.1.tar.gz", hash = "sha256:d41d4da5f2871b1782c6b74948d2d37aac3a5b39b43a6ba31d736b97a02ae1f1"},
]

[[package]]
name = "coverage"
version = "7.8.1"
extras = ["toml"]
requires_python = ">=3.9"
summary = "Code coverage measurement for Python"
groups = ["dev"]
dependencies = [
    "coverage==7.8.1",
    "tomli; python_full_version <= \"3.11.0a6\"",
]
files = [
    {file = "coverage-7.8.1-cp312-cp312-macosx_10_13_x86_64.whl", hash = "sha256:2d8f844e837374a9497e11722d9eb9dfeb33b1b5d31136786c39a4c1a3073c6d"},
    {file = "coverage-7.8.1-cp312-cp312-macosx_11_0_arm64.whl", hash = "sha256:9cd54a762667c32112df5d6f059c5d61fa532ee06460948cc5bcbf60c502f5c9"},
    {file = "coverage-7.8.1-cp312-cp312-manylinux_2_17_aarch64.manylinux2014_aarch64.whl", hash = "sha256:958b513e23286178b513a6b4d975fe9e7cddbcea6e5ebe8d836e4ef067577154"},
    {file = "coverage-7.8.1-cp312-cp312-manylinux_2_5_i686.manylinux1_i686.manylinux_2_17_i686.manylinux2014_i686.whl", hash = "sha256:9b31756ea647b6ef53190f6b708ad0c4c2ea879bc17799ba5b0699eee59ecf7b"},
    {file = "coverage-7.8.1-cp312-cp312-manylinux_2_5_x86_64.manylinux1_x86_64.manylinux_2_17_x86_64.manylinux2014_x86_64.whl", hash = "sha256:ccad4e29ac1b6f75bfeedb2cac4860fe5bd9e0a2f04c3e3218f661fa389ab101"},
    {file = "coverage-7.8.1-cp312-cp312-musllinux_1_2_aarch64.whl", hash = "sha256:452f3831c64f5f50260e18a89e613594590d6ceac5206a9b7d76ba43586b01b3"},
    {file = "coverage-7.8.1-cp312-cp312-musllinux_1_2_i686.whl", hash = "sha256:9296df6a33b8539cd753765eb5b47308602263a14b124a099cbcf5f770d7cf90"},
    {file = "coverage-7.8.1-cp312-cp312-musllinux_1_2_x86_64.whl", hash = "sha256:d52d79dfd3b410b153b6d65b0e3afe834eca2b969377f55ad73c67156d35af0d"},
    {file = "coverage-7.8.1-cp312-cp312-win32.whl", hash = "sha256:ebdf212e1ed85af63fa1a76d556c0a3c7b34348ffba6e145a64b15f003ad0a2b"},
    {file = "coverage-7.8.1-cp312-cp312-win_amd64.whl", hash = "sha256:c04a7903644ccea8fa07c3e76db43ca31c8d453f93c5c94c0f9b82efca225543"},
    {file = "coverage-7.8.1-cp313-cp313-macosx_10_13_x86_64.whl", hash = "sha256:dd5c305faa2e69334a53061b3168987847dadc2449bab95735242a9bde92fde8"},
    {file = "coverage-7.8.1-cp313-cp313-macosx_11_0_arm64.whl", hash = "sha256:af6b8cdf0857fd4e6460dd6639c37c3f82163127f6112c1942b5e6a52a477676"},
    {file = "coverage-7.8.1-cp313-cp313-manylinux_2_17_aarch64.manylinux2014_aarch64.whl", hash = "sha256:e233a56bbf99e4cb134c4f8e63b16c77714e3987daf2c5aa10c3ba8c4232d730"},
    {file = "coverage-7.8.1-cp313-cp313-manylinux_2_5_i686.manylinux1_i686.manylinux_2_17_i686.manylinux2014_i686.whl", hash = "sha256:9dabc70012fd7b58a8040a7bc1b5f71fd0e62e2138aefdd8367d3d24bf82c349"},
    {file = "coverage-7.8.1-cp313-cp313-manylinux_2_5_x86_64.manylinux1_x86_64.manylinux_2_17_x86_64.manylinux2014_x86_64.whl", hash = "sha256:e1f8e96455907496b3e4ea16f63bb578da31e17d2805278b193525e7714f17f2"},
    {file = "coverage-7.8.1-cp313-cp313-musllinux_1_2_aarch64.whl", hash = "sha256:0034ceec8e91fdaf77350901cc48f47efd00f23c220a3f9fc1187774ddf307cb"},
    {file = "coverage-7.8.1-cp313-cp313-musllinux_1_2_i686.whl", hash = "sha256:82db9344a07dd9106796b9fe8805425633146a7ea7fed5ed07c65a64d0bb79e1"},
    {file = "coverage-7.8.1-cp313-cp313-musllinux_1_2_x86_64.whl", hash = "sha256:9772c9e266b2ca4999180c12b90c8efb4c5c9ad3e55f301d78bc579af6467ad9"},
    {file = "coverage-7.8.1-cp313-cp313-win32.whl", hash = "sha256:6f24a1e2c373a77afae21bc512466a91e31251685c271c5309ee3e557f6e3e03"},
    {file = "coverage-7.8.1-cp313-cp313-win_amd64.whl", hash = "sha256:76a4e1d62505a21971968be61ae17cbdc5e0c483265a37f7ddbbc050f9c0b8ec"},
    {file = "coverage-7.8.1-cp313-cp313t-macosx_10_13_x86_64.whl", hash = "sha256:35dd5d405a1d378c39f3f30f628a25b0b99f1b8e5bdd78275df2e7b0404892d7"},
    {file = "coverage-7.8.1-cp313-cp313t-macosx_11_0_arm64.whl", hash = "sha256:87b86a87f8de2e1bd0bcd45faf1b1edf54f988c8857157300e0336efcfb8ede6"},
    {file = "coverage-7.8.1-cp313-cp313t-manylinux_2_17_aarch64.manylinux2014_aarch64.whl", hash = "sha256:ce4553a573edb363d5db12be1c044826878bec039159d6d4eafe826ef773396d"},
    {file = "coverage-7.8.1-cp313-cp313t-manylinux_2_5_i686.manylinux1_i686.manylinux_2_17_i686.manylinux2014_i686.whl", hash = "sha256:db181a1896e0bad75b3bf4916c49fd3cf6751f9cc203fe0e0ecbee1fc43590fa"},
    {file = "coverage-7.8.1-cp313-cp313t-manylinux_2_5_x86_64.manylinux1_x86_64.manylinux_2_17_x86_64.manylinux2014_x86_64.whl", hash = "sha256:6ce2606a171f9cf7c15a77ca61f979ffc0e0d92cd2fb18767cead58c1d19f58e"},
    {file = "coverage-7.8.1-cp313-cp313t-musllinux_1_2_aarch64.whl", hash = "sha256:4fc4f7cff2495d6d112353c33a439230a6de0b7cd0c2578f1e8d75326f63d783"},
    {file = "coverage-7.8.1-cp313-cp313t-musllinux_1_2_i686.whl", hash = "sha256:ff619c58322d9d6df0a859dc76c3532d7bdbc125cb040f7cd642141446b4f654"},
    {file = "coverage-7.8.1-cp313-cp313t-musllinux_1_2_x86_64.whl", hash = "sha256:c0d6290a466a6f3fadf6add2dd4ec11deba4e1a6e3db2dd284edd497aadf802f"},
    {file = "coverage-7.8.1-cp313-cp313t-win32.whl", hash = "sha256:e4e893c7f7fb12271a667d5c1876710fae06d7580343afdb5f3fc4488b73209e"},
    {file = "coverage-7.8.1-cp313-cp313t-win_amd64.whl", hash = "sha256:41d142eefbc0bb3be160a77b2c0fbec76f345387676265052e224eb6c67b7af3"},
    {file = "coverage-7.8.1-py3-none-any.whl", hash = "sha256:e54b80885b0e61d346accc5709daf8762471a452345521cc9281604a907162c2"},
    {file = "coverage-7.8.1.tar.gz", hash = "sha256:d41d4da5f2871b1782c6b74948d2d37aac3a5b39b43a6ba31d736b97a02ae1f1"},
]

[[package]]
name = "cryptography"
version = "45.0.2"
requires_python = "!=3.9.0,!=3.9.1,>=3.7"
summary = "cryptography is a package which provides cryptographic recipes and primitives to Python developers."
groups = ["default"]
dependencies = [
    "cffi>=1.14; platform_python_implementation != \"PyPy\"",
]
files = [
    {file = "cryptography-45.0.2-cp311-abi3-macosx_10_9_universal2.whl", hash = "sha256:61a8b1bbddd9332917485b2453d1de49f142e6334ce1d97b7916d5a85d179c84"},
    {file = "cryptography-45.0.2-cp311-abi3-manylinux_2_17_aarch64.manylinux2014_aarch64.whl", hash = "sha256:4cc31c66411e14dd70e2f384a9204a859dc25b05e1f303df0f5326691061b839"},
    {file = "cryptography-45.0.2-cp311-abi3-manylinux_2_17_x86_64.manylinux2014_x86_64.whl", hash = "sha256:463096533acd5097f8751115bc600b0b64620c4aafcac10c6d0041e6e68f88fe"},
    {file = "cryptography-45.0.2-cp311-abi3-manylinux_2_28_aarch64.whl", hash = "sha256:cdafb86eb673c3211accffbffdb3cdffa3aaafacd14819e0898d23696d18e4d3"},
    {file = "cryptography-45.0.2-cp311-abi3-manylinux_2_28_armv7l.manylinux_2_31_armv7l.whl", hash = "sha256:05c2385b1f5c89a17df19900cfb1345115a77168f5ed44bdf6fd3de1ce5cc65b"},
    {file = "cryptography-45.0.2-cp311-abi3-manylinux_2_28_x86_64.whl", hash = "sha256:e9e4bdcd70216b08801e267c0b563316b787f957a46e215249921f99288456f9"},
    {file = "cryptography-45.0.2-cp311-abi3-manylinux_2_34_aarch64.whl", hash = "sha256:b2de529027579e43b6dc1f805f467b102fb7d13c1e54c334f1403ee2b37d0059"},
    {file = "cryptography-45.0.2-cp311-abi3-manylinux_2_34_x86_64.whl", hash = "sha256:10d68763892a7b19c22508ab57799c4423c7c8cd61d7eee4c5a6a55a46511949"},
    {file = "cryptography-45.0.2-cp311-abi3-musllinux_1_2_aarch64.whl", hash = "sha256:d2a90ce2f0f5b695e4785ac07c19a58244092f3c85d57db6d8eb1a2b26d2aad6"},
    {file = "cryptography-45.0.2-cp311-abi3-musllinux_1_2_x86_64.whl", hash = "sha256:59c0c8f043dd376bbd9d4f636223836aed50431af4c5a467ed9bf61520294627"},
    {file = "cryptography-45.0.2-cp311-abi3-win32.whl", hash = "sha256:80303ee6a02ef38c4253160446cbeb5c400c07e01d4ddbd4ff722a89b736d95a"},
    {file = "cryptography-45.0.2-cp311-abi3-win_amd64.whl", hash = "sha256:7429936146063bd1b2cfc54f0e04016b90ee9b1c908a7bed0800049cbace70eb"},
    {file = "cryptography-45.0.2-cp37-abi3-macosx_10_9_universal2.whl", hash = "sha256:e86c8d54cd19a13e9081898b3c24351683fd39d726ecf8e774aaa9d8d96f5f3a"},
    {file = "cryptography-45.0.2-cp37-abi3-manylinux_2_17_aarch64.manylinux2014_aarch64.whl", hash = "sha256:e328357b6bbf79928363dbf13f4635b7aac0306afb7e5ad24d21d0c5761c3253"},
    {file = "cryptography-45.0.2-cp37-abi3-manylinux_2_17_x86_64.manylinux2014_x86_64.whl", hash = "sha256:49af56491473231159c98c2c26f1a8f3799a60e5cf0e872d00745b858ddac9d2"},
    {file = "cryptography-45.0.2-cp37-abi3-manylinux_2_28_aarch64.whl", hash = "sha256:f169469d04a23282de9d0be349499cb6683b6ff1b68901210faacac9b0c24b7d"},
    {file = "cryptography-45.0.2-cp37-abi3-manylinux_2_28_armv7l.manylinux_2_31_armv7l.whl", hash = "sha256:9cfd1399064b13043082c660ddd97a0358e41c8b0dc7b77c1243e013d305c344"},
    {file = "cryptography-45.0.2-cp37-abi3-manylinux_2_28_x86_64.whl", hash = "sha256:18f8084b7ca3ce1b8d38bdfe33c48116edf9a08b4d056ef4a96dceaa36d8d965"},
    {file = "cryptography-45.0.2-cp37-abi3-manylinux_2_34_aarch64.whl", hash = "sha256:2cb03a944a1a412724d15a7c051d50e63a868031f26b6a312f2016965b661942"},
    {file = "cryptography-45.0.2-cp37-abi3-manylinux_2_34_x86_64.whl", hash = "sha256:a9727a21957d3327cf6b7eb5ffc9e4b663909a25fea158e3fcbc49d4cdd7881b"},
    {file = "cryptography-45.0.2-cp37-abi3-musllinux_1_2_aarch64.whl", hash = "sha256:ddb8d01aa900b741d6b7cc585a97aff787175f160ab975e21f880e89d810781a"},
    {file = "cryptography-45.0.2-cp37-abi3-musllinux_1_2_x86_64.whl", hash = "sha256:c0c000c1a09f069632d8a9eb3b610ac029fcc682f1d69b758e625d6ee713f4ed"},
    {file = "cryptography-45.0.2-cp37-abi3-win32.whl", hash = "sha256:08281de408e7eb71ba3cd5098709a356bfdf65eebd7ee7633c3610f0aa80d79b"},
    {file = "cryptography-45.0.2-cp37-abi3-win_amd64.whl", hash = "sha256:48caa55c528617fa6db1a9c3bf2e37ccb31b73e098ac2b71408d1f2db551dde4"},
    {file = "cryptography-45.0.2.tar.gz", hash = "sha256:d784d57b958ffd07e9e226d17272f9af0c41572557604ca7554214def32c26bf"},
]

[[package]]
name = "iniconfig"
version = "2.1.0"
requires_python = ">=3.8"
summary = "brain-dead simple config-ini parsing"
groups = ["dev"]
files = [
    {file = "iniconfig-2.1.0-py3-none-any.whl", hash = "sha256:9deba5723312380e77435581c6bf4935c94cbfab9b1ed33ef8d238ea168eb760"},
    {file = "iniconfig-2.1.0.tar.gz", hash = "sha256:3abbd2e30b36733fee78f9c7f7308f2d0050e88f0087fd25c2645f63c773e1c7"},
]

[[package]]
name = "markdown-it-py"
version = "3.0.0"
requires_python = ">=3.8"
summary = "Python port of markdown-it. Markdown parsing, done right!"
groups = ["cli", "dev"]
dependencies = [
    "mdurl~=0.1",
]
files = [
    {file = "markdown-it-py-3.0.0.tar.gz", hash = "sha256:e3f60a94fa066dc52ec76661e37c851cb232d92f9886b15cb560aaada2df8feb"},
    {file = "markdown_it_py-3.0.0-py3-none-any.whl", hash = "sha256:355216845c60bd96232cd8d8c40e8f9765cc86f46880e43a8fd22dc1a1a8cab1"},
]

[[package]]
name = "mdurl"
version = "0.1.2"
requires_python = ">=3.7"
summary = "Markdown URL utilities"
groups = ["cli", "dev"]
files = [
    {file = "mdurl-0.1.2-py3-none-any.whl", hash = "sha256:84008a41e51615a49fc9966191ff91509e3c40b939176e643fd50a5c2196b8f8"},
    {file = "mdurl-0.1.2.tar.gz", hash = "sha256:bb413d29f5eea38f31dd4754dd7377d4465116fb207585f97bf925588687c1ba"},
]

[[package]]
name = "multidict"
version = "6.4.4"
requires_python = ">=3.9"
summary = "multidict implementation"
groups = ["cli"]
dependencies = [
    "typing-extensions>=4.1.0; python_version < \"3.11\"",
]
files = [
    {file = "multidict-6.4.4-cp312-cp312-macosx_10_13_universal2.whl", hash = "sha256:dc388f75a1c00000824bf28b7633e40854f4127ede80512b44c3cfeeea1839a2"},
    {file = "multidict-6.4.4-cp312-cp312-macosx_10_13_x86_64.whl", hash = "sha256:98af87593a666f739d9dba5d0ae86e01b0e1a9cfcd2e30d2d361fbbbd1a9162d"},
    {file = "multidict-6.4.4-cp312-cp312-macosx_11_0_arm64.whl", hash = "sha256:aff4cafea2d120327d55eadd6b7f1136a8e5a0ecf6fb3b6863e8aca32cd8e50a"},
    {file = "multidict-6.4.4-cp312-cp312-manylinux_2_17_aarch64.manylinux2014_aarch64.whl", hash = "sha256:169c4ba7858176b797fe551d6e99040c531c775d2d57b31bcf4de6d7a669847f"},
    {file = "multidict-6.4.4-cp312-cp312-manylinux_2_17_armv7l.manylinux2014_armv7l.manylinux_2_31_armv7l.whl", hash = "sha256:b9eb4c59c54421a32b3273d4239865cb14ead53a606db066d7130ac80cc8ec93"},
    {file = "multidict-6.4.4-cp312-cp312-manylinux_2_17_ppc64le.manylinux2014_ppc64le.whl", hash = "sha256:7cf3bd54c56aa16fdb40028d545eaa8d051402b61533c21e84046e05513d5780"},
    {file = "multidict-6.4.4-cp312-cp312-manylinux_2_17_s390x.manylinux2014_s390x.whl", hash = "sha256:f682c42003c7264134bfe886376299db4cc0c6cd06a3295b41b347044bcb5482"},
    {file = "multidict-6.4.4-cp312-cp312-manylinux_2_17_x86_64.manylinux2014_x86_64.whl", hash = "sha256:a920f9cf2abdf6e493c519492d892c362007f113c94da4c239ae88429835bad1"},
    {file = "multidict-6.4.4-cp312-cp312-manylinux_2_5_i686.manylinux1_i686.manylinux_2_17_i686.manylinux2014_i686.whl", hash = "sha256:530d86827a2df6504526106b4c104ba19044594f8722d3e87714e847c74a0275"},
    {file = "multidict-6.4.4-cp312-cp312-musllinux_1_2_aarch64.whl", hash = "sha256:ecde56ea2439b96ed8a8d826b50c57364612ddac0438c39e473fafad7ae1c23b"},
    {file = "multidict-6.4.4-cp312-cp312-musllinux_1_2_armv7l.whl", hash = "sha256:dc8c9736d8574b560634775ac0def6bdc1661fc63fa27ffdfc7264c565bcb4f2"},
    {file = "multidict-6.4.4-cp312-cp312-musllinux_1_2_i686.whl", hash = "sha256:7f3d3b3c34867579ea47cbd6c1f2ce23fbfd20a273b6f9e3177e256584f1eacc"},
    {file = "multidict-6.4.4-cp312-cp312-musllinux_1_2_ppc64le.whl", hash = "sha256:87a728af265e08f96b6318ebe3c0f68b9335131f461efab2fc64cc84a44aa6ed"},
    {file = "multidict-6.4.4-cp312-cp312-musllinux_1_2_s390x.whl", hash = "sha256:9f193eeda1857f8e8d3079a4abd258f42ef4a4bc87388452ed1e1c4d2b0c8740"},
    {file = "multidict-6.4.4-cp312-cp312-musllinux_1_2_x86_64.whl", hash = "sha256:be06e73c06415199200e9a2324a11252a3d62030319919cde5e6950ffeccf72e"},
    {file = "multidict-6.4.4-cp312-cp312-win32.whl", hash = "sha256:622f26ea6a7e19b7c48dd9228071f571b2fbbd57a8cd71c061e848f281550e6b"},
    {file = "multidict-6.4.4-cp312-cp312-win_amd64.whl", hash = "sha256:5e2bcda30d5009996ff439e02a9f2b5c3d64a20151d34898c000a6281faa3781"},
    {file = "multidict-6.4.4-cp313-cp313-macosx_10_13_universal2.whl", hash = "sha256:82ffabefc8d84c2742ad19c37f02cde5ec2a1ee172d19944d380f920a340e4b9"},
    {file = "multidict-6.4.4-cp313-cp313-macosx_10_13_x86_64.whl", hash = "sha256:6a2f58a66fe2c22615ad26156354005391e26a2f3721c3621504cd87c1ea87bf"},
    {file = "multidict-6.4.4-cp313-cp313-macosx_11_0_arm64.whl", hash = "sha256:5883d6ee0fd9d8a48e9174df47540b7545909841ac82354c7ae4cbe9952603bd"},
    {file = "multidict-6.4.4-cp313-cp313-manylinux_2_17_aarch64.manylinux2014_aarch64.whl", hash = "sha256:9abcf56a9511653fa1d052bfc55fbe53dbee8f34e68bd6a5a038731b0ca42d15"},
    {file = "multidict-6.4.4-cp313-cp313-manylinux_2_17_armv7l.manylinux2014_armv7l.manylinux_2_31_armv7l.whl", hash = "sha256:6ed5ae5605d4ad5a049fad2a28bb7193400700ce2f4ae484ab702d1e3749c3f9"},
    {file = "multidict-6.4.4-cp313-cp313-manylinux_2_17_ppc64le.manylinux2014_ppc64le.whl", hash = "sha256:bbfcb60396f9bcfa63e017a180c3105b8c123a63e9d1428a36544e7d37ca9e20"},
    {file = "multidict-6.4.4-cp313-cp313-manylinux_2_17_s390x.manylinux2014_s390x.whl", hash = "sha256:b0f1987787f5f1e2076b59692352ab29a955b09ccc433c1f6b8e8e18666f608b"},
    {file = "multidict-6.4.4-cp313-cp313-manylinux_2_17_x86_64.manylinux2014_x86_64.whl", hash = "sha256:1d0121ccce8c812047d8d43d691a1ad7641f72c4f730474878a5aeae1b8ead8c"},
    {file = "multidict-6.4.4-cp313-cp313-manylinux_2_5_i686.manylinux1_i686.manylinux_2_17_i686.manylinux2014_i686.whl", hash = "sha256:83ec4967114295b8afd120a8eec579920c882831a3e4c3331d591a8e5bfbbc0f"},
    {file = "multidict-6.4.4-cp313-cp313-musllinux_1_2_aarch64.whl", hash = "sha256:995f985e2e268deaf17867801b859a282e0448633f1310e3704b30616d269d69"},
    {file = "multidict-6.4.4-cp313-cp313-musllinux_1_2_armv7l.whl", hash = "sha256:d832c608f94b9f92a0ec8b7e949be7792a642b6e535fcf32f3e28fab69eeb046"},
    {file = "multidict-6.4.4-cp313-cp313-musllinux_1_2_i686.whl", hash = "sha256:d21c1212171cf7da703c5b0b7a0e85be23b720818aef502ad187d627316d5645"},
    {file = "multidict-6.4.4-cp313-cp313-musllinux_1_2_ppc64le.whl", hash = "sha256:cbebaa076aaecad3d4bb4c008ecc73b09274c952cf6a1b78ccfd689e51f5a5b0"},
    {file = "multidict-6.4.4-cp313-cp313-musllinux_1_2_s390x.whl", hash = "sha256:c93a6fb06cc8e5d3628b2b5fda215a5db01e8f08fc15fadd65662d9b857acbe4"},
    {file = "multidict-6.4.4-cp313-cp313-musllinux_1_2_x86_64.whl", hash = "sha256:8cd8f81f1310182362fb0c7898145ea9c9b08a71081c5963b40ee3e3cac589b1"},
    {file = "multidict-6.4.4-cp313-cp313-win32.whl", hash = "sha256:3e9f1cd61a0ab857154205fb0b1f3d3ace88d27ebd1409ab7af5096e409614cd"},
    {file = "multidict-6.4.4-cp313-cp313-win_amd64.whl", hash = "sha256:8ffb40b74400e4455785c2fa37eba434269149ec525fc8329858c862e4b35373"},
    {file = "multidict-6.4.4-cp313-cp313t-macosx_10_13_universal2.whl", hash = "sha256:6a602151dbf177be2450ef38966f4be3467d41a86c6a845070d12e17c858a156"},
    {file = "multidict-6.4.4-cp313-cp313t-macosx_10_13_x86_64.whl", hash = "sha256:0d2b9712211b860d123815a80b859075d86a4d54787e247d7fbee9db6832cf1c"},
    {file = "multidict-6.4.4-cp313-cp313t-macosx_11_0_arm64.whl", hash = "sha256:d2fa86af59f8fc1972e121ade052145f6da22758f6996a197d69bb52f8204e7e"},
    {file = "multidict-6.4.4-cp313-cp313t-manylinux_2_17_aarch64.manylinux2014_aarch64.whl", hash = "sha256:50855d03e9e4d66eab6947ba688ffb714616f985838077bc4b490e769e48da51"},
    {file = "multidict-6.4.4-cp313-cp313t-manylinux_2_17_armv7l.manylinux2014_armv7l.manylinux_2_31_armv7l.whl", hash = "sha256:5bce06b83be23225be1905dcdb6b789064fae92499fbc458f59a8c0e68718601"},
    {file = "multidict-6.4.4-cp313-cp313t-manylinux_2_17_ppc64le.manylinux2014_ppc64le.whl", hash = "sha256:66ed0731f8e5dfd8369a883b6e564aca085fb9289aacabd9decd70568b9a30de"},
    {file = "multidict-6.4.4-cp313-cp313t-manylinux_2_17_s390x.manylinux2014_s390x.whl", hash = "sha256:329ae97fc2f56f44d91bc47fe0972b1f52d21c4b7a2ac97040da02577e2daca2"},
    {file = "multidict-6.4.4-cp313-cp313t-manylinux_2_17_x86_64.manylinux2014_x86_64.whl", hash = "sha256:c27e5dcf520923d6474d98b96749e6805f7677e93aaaf62656005b8643f907ab"},
    {file = "multidict-6.4.4-cp313-cp313t-manylinux_2_5_i686.manylinux1_i686.manylinux_2_17_i686.manylinux2014_i686.whl", hash = "sha256:058cc59b9e9b143cc56715e59e22941a5d868c322242278d28123a5d09cdf6b0"},
    {file = "multidict-6.4.4-cp313-cp313t-musllinux_1_2_aarch64.whl", hash = "sha256:69133376bc9a03f8c47343d33f91f74a99c339e8b58cea90433d8e24bb298031"},
    {file = "multidict-6.4.4-cp313-cp313t-musllinux_1_2_armv7l.whl", hash = "sha256:d6b15c55721b1b115c5ba178c77104123745b1417527ad9641a4c5e2047450f0"},
    {file = "multidict-6.4.4-cp313-cp313t-musllinux_1_2_i686.whl", hash = "sha256:a887b77f51d3d41e6e1a63cf3bc7ddf24de5939d9ff69441387dfefa58ac2e26"},
    {file = "multidict-6.4.4-cp313-cp313t-musllinux_1_2_ppc64le.whl", hash = "sha256:632a3bf8f1787f7ef7d3c2f68a7bde5be2f702906f8b5842ad6da9d974d0aab3"},
    {file = "multidict-6.4.4-cp313-cp313t-musllinux_1_2_s390x.whl", hash = "sha256:a145c550900deb7540973c5cdb183b0d24bed6b80bf7bddf33ed8f569082535e"},
    {file = "multidict-6.4.4-cp313-cp313t-musllinux_1_2_x86_64.whl", hash = "sha256:cc5d83c6619ca5c9672cb78b39ed8542f1975a803dee2cda114ff73cbb076edd"},
    {file = "multidict-6.4.4-cp313-cp313t-win32.whl", hash = "sha256:3312f63261b9df49be9d57aaa6abf53a6ad96d93b24f9cc16cf979956355ce6e"},
    {file = "multidict-6.4.4-cp313-cp313t-win_amd64.whl", hash = "sha256:ba852168d814b2c73333073e1c7116d9395bea69575a01b0b3c89d2d5a87c8fb"},
    {file = "multidict-6.4.4-py3-none-any.whl", hash = "sha256:bd4557071b561a8b3b6075c3ce93cf9bfb6182cb241805c3d66ced3b75eff4ac"},
    {file = "multidict-6.4.4.tar.gz", hash = "sha256:69ee9e6ba214b5245031b76233dd95408a0fd57fdb019ddcc1ead4790932a8e8"},
]

[[package]]
name = "packaging"
version = "25.0"
requires_python = ">=3.8"
summary = "Core utilities for Python packages"
groups = ["dev"]
files = [
    {file = "packaging-25.0-py3-none-any.whl", hash = "sha256:29572ef2b1f17581046b3a2227d5c611fb25ec70ca1ba8554b24b0e69331a484"},
    {file = "packaging-25.0.tar.gz", hash = "sha256:d443872c98d677bf60f6a1f2f8c1cb748e8fe762d2bf9d3148b5599295b0fc4f"},
]

[[package]]
name = "pluggy"
version = "1.6.0"
requires_python = ">=3.9"
summary = "plugin and hook calling mechanisms for python"
groups = ["dev"]
files = [
    {file = "pluggy-1.6.0-py3-none-any.whl", hash = "sha256:e920276dd6813095e9377c0bc5566d94c932c33b27a3e3945d8389c374dd4746"},
    {file = "pluggy-1.6.0.tar.gz", hash = "sha256:7dcc130b76258d33b90f61b658791dede3486c3e6bfb003ee5c9bfb396dd22f3"},
]

[[package]]
name = "pycparser"
version = "2.22"
requires_python = ">=3.8"
summary = "C parser in Python"
groups = ["default"]
marker = "platform_python_implementation != \"PyPy\""
files = [
    {file = "pycparser-2.22-py3-none-any.whl", hash = "sha256:c3702b6d3dd8c7abc1afa565d7e63d53a1d0bd86cdc24edd75470f4de499cfcc"},
    {file = "pycparser-2.22.tar.gz", hash = "sha256:491c8be9c040f5390f5bf44a5b07752bd07f56edf992381b05c701439eec10f6"},
]

[[package]]
name = "pygments"
version = "2.19.1"
requires_python = ">=3.8"
summary = "Pygments is a syntax highlighting package written in Python."
groups = ["cli", "dev"]
files = [
    {file = "pygments-2.19.1-py3-none-any.whl", hash = "sha256:9ea1544ad55cecf4b8242fab6dd35a93bbce657034b0611ee383099054ab6d8c"},
    {file = "pygments-2.19.1.tar.gz", hash = "sha256:61c16d2a8576dc0649d9f39e089b5f02bcd27fba10d8fb4dcc28173f7a45151f"},
]

[[package]]
name = "pytest"
version = "8.3.5"
requires_python = ">=3.8"
summary = "pytest: simple powerful testing with Python"
groups = ["dev"]
dependencies = [
    "colorama; sys_platform == \"win32\"",
    "exceptiongroup>=1.0.0rc8; python_version < \"3.11\"",
    "iniconfig",
    "packaging",
    "pluggy<2,>=1.5",
    "tomli>=1; python_version < \"3.11\"",
]
files = [
    {file = "pytest-8.3.5-py3-none-any.whl", hash = "sha256:c69214aa47deac29fad6c2a4f590b9c4a9fdb16a403176fe154b79c0b4d4d820"},
    {file = "pytest-8.3.5.tar.gz", hash = "sha256:f4efe70cc14e511565ac476b57c279e12a855b11f48f212af1080ef2263d3845"},
]

[[package]]
name = "pytest-cov"
version = "6.1.1"
requires_python = ">=3.9"
summary = "Pytest plugin for measuring coverage."
groups = ["dev"]
dependencies = [
    "coverage[toml]>=7.5",
    "pytest>=4.6",
]
files = [
    {file = "pytest_cov-6.1.1-py3-none-any.whl", hash = "sha256:bddf29ed2d0ab6f4df17b4c55b0a657287db8684af9c42ea546b21b1041b3dde"},
    {file = "pytest_cov-6.1.1.tar.gz", hash = "sha256:46935f7aaefba760e716c2ebfbe1c216240b9592966e7da99ea8292d4d3e2a0a"},
]

[[package]]
name = "pytest-pretty"
version = "1.2.0"
requires_python = ">=3.7"
summary = "pytest plugin for printing summary data as I want it"
groups = ["dev"]
dependencies = [
    "pytest>=7",
    "rich>=12",
]
files = [
    {file = "pytest_pretty-1.2.0-py3-none-any.whl", hash = "sha256:6f79122bf53864ae2951b6c9e94d7a06a87ef753476acd4588aeac018f062036"},
    {file = "pytest_pretty-1.2.0.tar.gz", hash = "sha256:105a355f128e392860ad2c478ae173ff96d2f03044692f9818ff3d49205d3a60"},
]

[[package]]
name = "rich"
version = "14.0.0"
requires_python = ">=3.8.0"
summary = "Render rich text, tables, progress bars, syntax highlighting, markdown and more to the terminal"
groups = ["cli", "dev"]
dependencies = [
    "markdown-it-py>=2.2.0",
    "pygments<3.0.0,>=2.13.0",
    "typing-extensions<5.0,>=4.0.0; python_version < \"3.11\"",
]
files = [
    {file = "rich-14.0.0-py3-none-any.whl", hash = "sha256:1c9491e1951aac09caffd42f448ee3d04e58923ffe14993f6e83068dc395d7e0"},
    {file = "rich-14.0.0.tar.gz", hash = "sha256:82f1bc23a6a21ebca4ae0c45af9bdbc492ed20231dcb63f297d6d1021a9d5725"},
]

[[package]]
name = "ruff"
version = "0.11.11"
requires_python = ">=3.7"
summary = "An extremely fast Python linter and code formatter, written in Rust."
groups = ["dev"]
files = [
    {file = "ruff-0.11.11-py3-none-linux_armv6l.whl", hash = "sha256:9924e5ae54125ed8958a4f7de320dab7380f6e9fa3195e3dc3b137c6842a0092"},
    {file = "ruff-0.11.11-py3-none-macosx_10_12_x86_64.whl", hash = "sha256:c8a93276393d91e952f790148eb226658dd275cddfde96c6ca304873f11d2ae4"},
    {file = "ruff-0.11.11-py3-none-macosx_11_0_arm64.whl", hash = "sha256:d6e333dbe2e6ae84cdedefa943dfd6434753ad321764fd937eef9d6b62022bcd"},
    {file = "ruff-0.11.11-py3-none-manylinux_2_17_aarch64.manylinux2014_aarch64.whl", hash = "sha256:7885d9a5e4c77b24e8c88aba8c80be9255fa22ab326019dac2356cff42089fc6"},
    {file = "ruff-0.11.11-py3-none-manylinux_2_17_armv7l.manylinux2014_armv7l.whl", hash = "sha256:1b5ab797fcc09121ed82e9b12b6f27e34859e4227080a42d090881be888755d4"},
    {file = "ruff-0.11.11-py3-none-manylinux_2_17_i686.manylinux2014_i686.whl", hash = "sha256:e231ff3132c1119ece836487a02785f099a43992b95c2f62847d29bace3c75ac"},
    {file = "ruff-0.11.11-py3-none-manylinux_2_17_ppc64.manylinux2014_ppc64.whl", hash = "sha256:a97c9babe1d4081037a90289986925726b802d180cca784ac8da2bbbc335f709"},
    {file = "ruff-0.11.11-py3-none-manylinux_2_17_ppc64le.manylinux2014_ppc64le.whl", hash = "sha256:d8c4ddcbe8a19f59f57fd814b8b117d4fcea9bee7c0492e6cf5fdc22cfa563c8"},
    {file = "ruff-0.11.11-py3-none-manylinux_2_17_s390x.manylinux2014_s390x.whl", hash = "sha256:6224076c344a7694c6fbbb70d4f2a7b730f6d47d2a9dc1e7f9d9bb583faf390b"},
    {file = "ruff-0.11.11-py3-none-manylinux_2_17_x86_64.manylinux2014_x86_64.whl", hash = "sha256:882821fcdf7ae8db7a951df1903d9cb032bbe838852e5fc3c2b6c3ab54e39875"},
    {file = "ruff-0.11.11-py3-none-musllinux_1_2_aarch64.whl", hash = "sha256:dcec2d50756463d9df075a26a85a6affbc1b0148873da3997286caf1ce03cae1"},
    {file = "ruff-0.11.11-py3-none-musllinux_1_2_armv7l.whl", hash = "sha256:99c28505ecbaeb6594701a74e395b187ee083ee26478c1a795d35084d53ebd81"},
    {file = "ruff-0.11.11-py3-none-musllinux_1_2_i686.whl", hash = "sha256:9263f9e5aa4ff1dec765e99810f1cc53f0c868c5329b69f13845f699fe74f639"},
    {file = "ruff-0.11.11-py3-none-musllinux_1_2_x86_64.whl", hash = "sha256:64ac6f885e3ecb2fdbb71de2701d4e34526651f1e8503af8fb30d4915a3fe345"},
    {file = "ruff-0.11.11-py3-none-win32.whl", hash = "sha256:1adcb9a18802268aaa891ffb67b1c94cd70578f126637118e8099b8e4adcf112"},
    {file = "ruff-0.11.11-py3-none-win_amd64.whl", hash = "sha256:748b4bb245f11e91a04a4ff0f96e386711df0a30412b9fe0c74d5bdc0e4a531f"},
    {file = "ruff-0.11.11-py3-none-win_arm64.whl", hash = "sha256:6c51f136c0364ab1b774767aa8b86331bd8e9d414e2d107db7a2189f35ea1f7b"},
    {file = "ruff-0.11.11.tar.gz", hash = "sha256:7774173cc7c1980e6bf67569ebb7085989a78a103922fb83ef3dfe230cd0687d"},
]

[[package]]
name = "shellingham"
version = "1.5.4"
requires_python = ">=3.7"
summary = "Tool to Detect Surrounding Shell"
groups = ["cli"]
files = [
    {file = "shellingham-1.5.4-py2.py3-none-any.whl", hash = "sha256:7ecfff8f2fd72616f7481040475a65b2bf8af90a56c89140852d1120324e8686"},
    {file = "shellingham-1.5.4.tar.gz", hash = "sha256:8dbca0739d487e5bd35ab3ca4b36e11c4078f3a234bfce294b0a0291363404de"},
]

[[package]]
name = "typer"
version = "0.15.4"
requires_python = ">=3.7"
summary = "Typer, build great CLIs. Easy to code. Based on Python type hints."
groups = ["cli"]
dependencies = [
    "click<8.2,>=8.0.0",
    "rich>=10.11.0",
    "shellingham>=1.3.0",
    "typing-extensions>=3.7.4.3",
]
files = [
    {file = "typer-0.15.4-py3-none-any.whl", hash = "sha256:eb0651654dcdea706780c466cf06d8f174405a659ffff8f163cfbfee98c0e173"},
    {file = "typer-0.15.4.tar.gz", hash = "sha256:89507b104f9b6a0730354f27c39fae5b63ccd0c95b1ce1f1a6ba0cfd329997c3"},
]

[[package]]
name = "typer"
version = "0.15.4"
extras = ["all"]
requires_python = ">=3.7"
summary = "Typer, build great CLIs. Easy to code. Based on Python type hints."
groups = ["cli"]
dependencies = [
    "typer==0.15.4",
]
files = [
    {file = "typer-0.15.4-py3-none-any.whl", hash = "sha256:eb0651654dcdea706780c466cf06d8f174405a659ffff8f163cfbfee98c0e173"},
    {file = "typer-0.15.4.tar.gz", hash = "sha256:89507b104f9b6a0730354f27c39fae5b63ccd0c95b1ce1f1a6ba0cfd329997c3"},
]

[[package]]
name = "typing-extensions"
version = "4.13.2"
requires_python = ">=3.8"
summary = "Backported and Experimental Type Hints for Python 3.8+"
groups = ["cli"]
files = [
    {file = "typing_extensions-4.13.2-py3-none-any.whl", hash = "sha256:a439e7c04b49fec3e5d3e2beaa21755cadbbdc391694e28ccdd36ca4a1408f8c"},
    {file = "typing_extensions-4.13.2.tar.gz", hash = "sha256:e6c81219bd689f51865d9e372991c540bda33a0379d5573cddb9a3a23f7caaef"},
]
